
Microsoft Visual Studio Solution File, Format Version 12.00
# Visual Studio Version 17
VisualStudioVersion = 17.0.31903.59
MinimumVisualStudioVersion = 10.0.40219.1
Project("{FAE04EC0-301F-11D3-BF4B-00C04F79EFBC}") = "LoginApp", "LoginApp\LoginApp.csproj", "{8FB2312F-B362-4A49-B547-E9668885F6A4}"
EndProject
Project("{FAE04EC0-301F-11D3-BF4B-00C04F79EFBC}") = "BLL", "BLL\BLL.csproj", "{C35973CD-D668-49AE-9A91-7E6062A01E53}"
EndProject
Project("{FAE04EC0-301F-11D3-BF4B-00C04F79EFBC}") = "BOL", "BOL\BOL.csproj", "{1E491A7A-C56C-4CB1-9218-86FBD90F3CBB}"
EndProject
Project("{FAE04EC0-301F-11D3-BF4B-00C04F79EFBC}") = "DAL", "DAL\DAL.csproj", "{420BD891-B9FA-4169-8B70-7FC1F554E52F}"
EndProject
Global
	GlobalSection(SolutionConfigurationPlatforms) = preSolution
		Debug|Any CPU = Debug|Any CPU
		Release|Any CPU = Release|Any CPU
	EndGlobalSection
	GlobalSection(SolutionProperties) = preSolution
		HideSolutionNode = FALSE
	EndGlobalSection
	GlobalSection(ProjectConfigurationPlatforms) = postSolution
		{8FB2312F-B362-4A49-B547-E9668885F6A4}.Debug|Any CPU.ActiveCfg = Debug|Any CPU
		{8FB2312F-B362-4A49-B547-E9668885F6A4}.Debug|Any CPU.Build.0 = Debug|Any CPU
		{8FB2312F-B362-4A49-B547-E9668885F6A4}.Release|Any CPU.ActiveCfg = Release|Any CPU
		{8FB2312F-B362-4A49-B547-E9668885F6A4}.Release|Any CPU.Build.0 = Release|Any CPU
		{C35973CD-D668-49AE-9A91-7E6062A01E53}.Debug|Any CPU.ActiveCfg = Debug|Any CPU
		{C35973CD-D668-49AE-9A91-7E6062A01E53}.Debug|Any CPU.Build.0 = Debug|Any CPU
		{C35973CD-D668-49AE-9A91-7E6062A01E53}.Release|Any CPU.ActiveCfg = Release|Any CPU
		{C35973CD-D668-49AE-9A91-7E6062A01E53}.Release|Any CPU.Build.0 = Release|Any CPU
		{1E491A7A-C56C-4CB1-9218-86FBD90F3CBB}.Debug|Any CPU.ActiveCfg = Debug|Any CPU
		{1E491A7A-C56C-4CB1-9218-86FBD90F3CBB}.Debug|Any CPU.Build.0 = Debug|Any CPU
		{1E491A7A-C56C-4CB1-9218-86FBD90F3CBB}.Release|Any CPU.ActiveCfg = Release|Any CPU
		{1E491A7A-C56C-4CB1-9218-86FBD90F3CBB}.Release|Any CPU.Build.0 = Release|Any CPU
		{420BD891-B9FA-4169-8B70-7FC1F554E52F}.Debug|Any CPU.ActiveCfg = Debug|Any CPU
		{420BD891-B9FA-4169-8B70-7FC1F554E52F}.Debug|Any CPU.Build.0 = Debug|Any CPU
		{420BD891-B9FA-4169-8B70-7FC1F554E52F}.Release|Any CPU.ActiveCfg = Release|Any CPU
		{420BD891-B9FA-4169-8B70-7FC1F554E52F}.Release|Any CPU.Build.0 = Release|Any CPU
	EndGlobalSection
EndGlobal
