
Microsoft Visual Studio Solution File, Format Version 12.00
# Visual Studio Version 17
VisualStudioVersion = 17.5.002.0
MinimumVisualStudioVersion = 10.0.40219.1
Project("{9A19103F-16F7-4668-BE54-9A1E7A4F7556}") = "PlainWebAPI", "PlainWebAPI\PlainWebAPI.csproj", "{1EE7240A-4781-4541-B3C5-AEBBC2A6F501}"
EndProject
Global
	GlobalSection(SolutionConfigurationPlatforms) = preSolution
		Debug|Any CPU = Debug|Any CPU
		Release|Any CPU = Release|Any CPU
	EndGlobalSection
	GlobalSection(ProjectConfigurationPlatforms) = postSolution
		{1EE7240A-4781-4541-B3C5-AEBBC2A6F501}.Debug|Any CPU.ActiveCfg = Debug|Any CPU
		{1EE7240A-4781-4541-B3C5-AEBBC2A6F501}.Debug|Any CPU.Build.0 = Debug|Any CPU
		{1EE7240A-4781-4541-B3C5-AEBBC2A6F501}.Release|Any CPU.ActiveCfg = Release|Any CPU
		{1EE7240A-4781-4541-B3C5-AEBBC2A6F501}.Release|Any CPU.Build.0 = Release|Any CPU
	EndGlobalSection
	GlobalSection(SolutionProperties) = preSolution
		HideSolutionNode = FALSE
	EndGlobalSection
	GlobalSection(ExtensibilityGlobals) = postSolution
		SolutionGuid = {BFACF9A7-0B6B-45CE-918C-CA4ECF9C47D5}
	EndGlobalSection
EndGlobal
