
Microsoft Visual Studio Solution File, Format Version 12.00
# Visual Studio Version 17
VisualStudioVersion = 17.5.002.0
MinimumVisualStudioVersion = 10.0.40219.1
Project("{9A19103F-16F7-4668-BE54-9A1E7A4F7556}") = "PlainWebAPI", "PlainWebAPI.csproj", "{16A9ABAD-7C1C-4F38-AF80-A27DAF5619DC}"
EndProject
Global
	GlobalSection(SolutionConfigurationPlatforms) = preSolution
		Debug|Any CPU = Debug|Any CPU
		Release|Any CPU = Release|Any CPU
	EndGlobalSection
	GlobalSection(ProjectConfigurationPlatforms) = postSolution
		{16A9ABAD-7C1C-4F38-AF80-A27DAF5619DC}.Debug|Any CPU.ActiveCfg = Debug|Any CPU
		{16A9ABAD-7C1C-4F38-AF80-A27DAF5619DC}.Debug|Any CPU.Build.0 = Debug|Any CPU
		{16A9ABAD-7C1C-4F38-AF80-A27DAF5619DC}.Release|Any CPU.ActiveCfg = Release|Any CPU
		{16A9ABAD-7C1C-4F38-AF80-A27DAF5619DC}.Release|Any CPU.Build.0 = Release|Any CPU
	EndGlobalSection
	GlobalSection(SolutionProperties) = preSolution
		HideSolutionNode = FALSE
	EndGlobalSection
	GlobalSection(ExtensibilityGlobals) = postSolution
		SolutionGuid = {A26D1C4D-EEB3-4D5D-8FF4-EED778E3005B}
	EndGlobalSection
EndGlobal
